{
    "_readme": [
        "This file locks the dependencies of your project to a known state",
        "Read more about it at https://getcomposer.org/doc/01-basic-usage.md#composer-lock-the-lock-file",
        "This file is @generated automatically"
    ],
    "hash": "cee0b57640b23cb1a32ab95e6cb74e32",
    "content-hash": "1b6dc34e9e72131a6589c75e2d35c463",
    "packages": [
        {
            "name": "facebook/graph-sdk",
            "version": "5.4.x-dev",
            "source": {
                "type": "git",
                "url": "https://github.com/facebook/php-graph-sdk.git",
                "reference": "5d0c4865e80e231d48a4571841bd018828fe58e1"
            },
            "dist": {
                "type": "zip",
                "url": "https://api.github.com/repos/facebook/php-graph-sdk/zipball/5d0c4865e80e231d48a4571841bd018828fe58e1",
                "reference": "5d0c4865e80e231d48a4571841bd018828fe58e1",
                "shasum": ""
            },
            "require": {
                "php": "^5.4|^7.0"
            },
            "require-dev": {
                "guzzlehttp/guzzle": "~5.0",
                "mockery/mockery": "~0.8",
                "phpunit/phpunit": "~4.0"
            },
            "suggest": {
                "guzzlehttp/guzzle": "Allows for implementation of the Guzzle HTTP client",
                "paragonie/random_compat": "Provides a better CSPRNG option in PHP 5"
            },
            "type": "library",
            "extra": {
                "branch-alias": {
                    "dev-master": "5.x-dev"
                }
            },
            "autoload": {
                "psr-4": {
                    "Facebook\\": "src/Facebook/"
                },
                "files": [
                    "src/Facebook/polyfills.php"
                ]
            },
            "notification-url": "https://packagist.org/downloads/",
            "license": [
                "Facebook Platform"
            ],
            "authors": [
                {
                    "name": "Facebook",
                    "homepage": "https://github.com/facebook/php-graph-sdk/contributors"
                }
            ],
            "description": "Facebook SDK for PHP",
            "homepage": "https://github.com/facebook/php-graph-sdk",
            "keywords": [
                "facebook",
                "sdk"
            ],
            "time": "2017-01-19 15:42:20"
        },
        {
            "name": "neto/messenger-framework",
            "version": "dev-master",
            "source": {
                "type": "git",
                "url": "https://github.com/netology-code/messenger-framework-php.git",
                "reference": "36dcd7a1748e6b572f85b7a13989466d42f6f630"
            },
            "dist": {
                "type": "zip",
                "url": "https://api.github.com/repos/netology-code/messenger-framework-php/zipball/36dcd7a1748e6b572f85b7a13989466d42f6f630",
                "reference": "36dcd7a1748e6b572f85b7a13989466d42f6f630",
                "shasum": ""
            },
            "require": {
                "facebook/graph-sdk": "^5.4"
            },
            "type": "library",
            "autoload": {
                "psr-4": {
                    "Neto\\Messenger\\": "src"
                }
            },
            "notification-url": "https://packagist.org/downloads/",
            "authors": [
                {
                    "name": "Dima Fitiskin",
                    "email": "dfitiskin@gmail.com"
                }
            ],
            "time": "2017-01-30 19:09:36"
        }
    ],
    "packages-dev": [],
    "aliases": [],
    "minimum-stability": "dev",
    "stability-flags": {
        "neto/messenger-framework": 20
    },
    "prefer-stable": false,
    "prefer-lowest": false,
    "platform": {
        "ext-mbstring": "*"
    },
    "platform-dev": []
}
